
Microsoft Visual Studio Solution File, Format Version 12.00
# Visual Studio Version 17
VisualStudioVersion = 17.3.32922.545
MinimumVisualStudioVersion = 10.0.40219.1
Project("{FAE04EC0-301F-11D3-BF4B-00C04F79EFBC}") = "CustomDoublyLinkedList", "CustomDoublyLinkedList\CustomDoublyLinkedList.csproj", "{2A190983-9F62-49DC-B24D-5BF191647A71}"
EndProject
Project("{FAE04EC0-301F-11D3-BF4B-00C04F79EFBC}") = "CustomListClass", "CustomListClass\CustomListClass.csproj", "{CAC3E3F8-FDE4-4D52-815E-FFF933F3AAC5}"
EndProject
Global
	GlobalSection(SolutionConfigurationPlatforms) = preSolution
		Debug|Any CPU = Debug|Any CPU
		Release|Any CPU = Release|Any CPU
	EndGlobalSection
	GlobalSection(ProjectConfigurationPlatforms) = postSolution
		{2A190983-9F62-49DC-B24D-5BF191647A71}.Debug|Any CPU.ActiveCfg = Debug|Any CPU
		{2A190983-9F62-49DC-B24D-5BF191647A71}.Debug|Any CPU.Build.0 = Debug|Any CPU
		{2A190983-9F62-49DC-B24D-5BF191647A71}.Release|Any CPU.ActiveCfg = Release|Any CPU
		{2A190983-9F62-49DC-B24D-5BF191647A71}.Release|Any CPU.Build.0 = Release|Any CPU
		{CAC3E3F8-FDE4-4D52-815E-FFF933F3AAC5}.Debug|Any CPU.ActiveCfg = Debug|Any CPU
		{CAC3E3F8-FDE4-4D52-815E-FFF933F3AAC5}.Debug|Any CPU.Build.0 = Debug|Any CPU
		{CAC3E3F8-FDE4-4D52-815E-FFF933F3AAC5}.Release|Any CPU.ActiveCfg = Release|Any CPU
		{CAC3E3F8-FDE4-4D52-815E-FFF933F3AAC5}.Release|Any CPU.Build.0 = Release|Any CPU
	EndGlobalSection
	GlobalSection(SolutionProperties) = preSolution
		HideSolutionNode = FALSE
	EndGlobalSection
	GlobalSection(ExtensibilityGlobals) = postSolution
		SolutionGuid = {10B53560-9F71-481C-B722-B5CC1E2C5F57}
	EndGlobalSection
EndGlobal
