
Microsoft Visual Studio Solution File, Format Version 12.00
# Visual Studio Version 17
VisualStudioVersion = 17.3.32901.215
MinimumVisualStudioVersion = 10.0.40219.1
Project("{FAE04EC0-301F-11D3-BF4B-00C04F79EFBC}") = "1. Sum Matrix Elements", "1. Sum Matrix Elements\1. Sum Matrix Elements.csproj", "{7042C9EE-4D08-4E40-9CE7-271F2EF2B556}"
EndProject
Project("{FAE04EC0-301F-11D3-BF4B-00C04F79EFBC}") = "2. Sum Matrix Columns", "2. Sum Matrix Columns\2. Sum Matrix Columns.csproj", "{77BBD4B3-6019-44F9-A239-594D2F51CF8A}"
EndProject
Project("{FAE04EC0-301F-11D3-BF4B-00C04F79EFBC}") = "3. Primary Diagonal", "3. Primary Diagonal\3. Primary Diagonal.csproj", "{08BA69AB-3F33-4F37-9341-C3B180CE7574}"
EndProject
Project("{FAE04EC0-301F-11D3-BF4B-00C04F79EFBC}") = "4. Symbol in Matrix", "4. Symbol in Matrix\4. Symbol in Matrix.csproj", "{E398F06A-6696-46FC-993F-4EAF3758C71D}"
EndProject
Project("{FAE04EC0-301F-11D3-BF4B-00C04F79EFBC}") = "5. Square With Maximum Sum", "5. Square With Maximum Sum\5. Square With Maximum Sum.csproj", "{BC5F2375-CC18-42F9-9560-7FF9D6700B3B}"
EndProject
Project("{FAE04EC0-301F-11D3-BF4B-00C04F79EFBC}") = "6. Jagged-Array Modification", "6. Jagged-Array Modification\6. Jagged-Array Modification.csproj", "{7C9EAFEF-A5C5-4D28-B7F0-01B8B27C5313}"
EndProject
Project("{FAE04EC0-301F-11D3-BF4B-00C04F79EFBC}") = "7. Pascal Triangle", "7. Pascal Triangle\7. Pascal Triangle.csproj", "{EF06FDE2-6016-4438-AC1B-ADF6515CC802}"
EndProject
Global
	GlobalSection(SolutionConfigurationPlatforms) = preSolution
		Debug|Any CPU = Debug|Any CPU
		Release|Any CPU = Release|Any CPU
	EndGlobalSection
	GlobalSection(ProjectConfigurationPlatforms) = postSolution
		{7042C9EE-4D08-4E40-9CE7-271F2EF2B556}.Debug|Any CPU.ActiveCfg = Debug|Any CPU
		{7042C9EE-4D08-4E40-9CE7-271F2EF2B556}.Debug|Any CPU.Build.0 = Debug|Any CPU
		{7042C9EE-4D08-4E40-9CE7-271F2EF2B556}.Release|Any CPU.ActiveCfg = Release|Any CPU
		{7042C9EE-4D08-4E40-9CE7-271F2EF2B556}.Release|Any CPU.Build.0 = Release|Any CPU
		{77BBD4B3-6019-44F9-A239-594D2F51CF8A}.Debug|Any CPU.ActiveCfg = Debug|Any CPU
		{77BBD4B3-6019-44F9-A239-594D2F51CF8A}.Debug|Any CPU.Build.0 = Debug|Any CPU
		{77BBD4B3-6019-44F9-A239-594D2F51CF8A}.Release|Any CPU.ActiveCfg = Release|Any CPU
		{77BBD4B3-6019-44F9-A239-594D2F51CF8A}.Release|Any CPU.Build.0 = Release|Any CPU
		{08BA69AB-3F33-4F37-9341-C3B180CE7574}.Debug|Any CPU.ActiveCfg = Debug|Any CPU
		{08BA69AB-3F33-4F37-9341-C3B180CE7574}.Debug|Any CPU.Build.0 = Debug|Any CPU
		{08BA69AB-3F33-4F37-9341-C3B180CE7574}.Release|Any CPU.ActiveCfg = Release|Any CPU
		{08BA69AB-3F33-4F37-9341-C3B180CE7574}.Release|Any CPU.Build.0 = Release|Any CPU
		{E398F06A-6696-46FC-993F-4EAF3758C71D}.Debug|Any CPU.ActiveCfg = Debug|Any CPU
		{E398F06A-6696-46FC-993F-4EAF3758C71D}.Debug|Any CPU.Build.0 = Debug|Any CPU
		{E398F06A-6696-46FC-993F-4EAF3758C71D}.Release|Any CPU.ActiveCfg = Release|Any CPU
		{E398F06A-6696-46FC-993F-4EAF3758C71D}.Release|Any CPU.Build.0 = Release|Any CPU
		{BC5F2375-CC18-42F9-9560-7FF9D6700B3B}.Debug|Any CPU.ActiveCfg = Debug|Any CPU
		{BC5F2375-CC18-42F9-9560-7FF9D6700B3B}.Debug|Any CPU.Build.0 = Debug|Any CPU
		{BC5F2375-CC18-42F9-9560-7FF9D6700B3B}.Release|Any CPU.ActiveCfg = Release|Any CPU
		{BC5F2375-CC18-42F9-9560-7FF9D6700B3B}.Release|Any CPU.Build.0 = Release|Any CPU
		{7C9EAFEF-A5C5-4D28-B7F0-01B8B27C5313}.Debug|Any CPU.ActiveCfg = Debug|Any CPU
		{7C9EAFEF-A5C5-4D28-B7F0-01B8B27C5313}.Debug|Any CPU.Build.0 = Debug|Any CPU
		{7C9EAFEF-A5C5-4D28-B7F0-01B8B27C5313}.Release|Any CPU.ActiveCfg = Release|Any CPU
		{7C9EAFEF-A5C5-4D28-B7F0-01B8B27C5313}.Release|Any CPU.Build.0 = Release|Any CPU
		{EF06FDE2-6016-4438-AC1B-ADF6515CC802}.Debug|Any CPU.ActiveCfg = Debug|Any CPU
		{EF06FDE2-6016-4438-AC1B-ADF6515CC802}.Debug|Any CPU.Build.0 = Debug|Any CPU
		{EF06FDE2-6016-4438-AC1B-ADF6515CC802}.Release|Any CPU.ActiveCfg = Release|Any CPU
		{EF06FDE2-6016-4438-AC1B-ADF6515CC802}.Release|Any CPU.Build.0 = Release|Any CPU
	EndGlobalSection
	GlobalSection(SolutionProperties) = preSolution
		HideSolutionNode = FALSE
	EndGlobalSection
	GlobalSection(ExtensibilityGlobals) = postSolution
		SolutionGuid = {536F0266-F32F-411C-9839-C8681333FC6C}
	EndGlobalSection
EndGlobal
