
Microsoft Visual Studio Solution File, Format Version 12.00
# Visual Studio Version 17
VisualStudioVersion = 17.3.32901.215
MinimumVisualStudioVersion = 10.0.40219.1
Project("{FAE04EC0-301F-11D3-BF4B-00C04F79EFBC}") = "01. Sort Even Numbers", "01. Sort Even Numbers\01. Sort Even Numbers.csproj", "{A7B4D44A-FAE0-46EF-838D-B4BAFC7CE11E}"
EndProject
Project("{FAE04EC0-301F-11D3-BF4B-00C04F79EFBC}") = "02. Sum Numbers", "02. Sum Numbers\02. Sum Numbers.csproj", "{505138EC-128B-43D8-B1FD-AF8D14391154}"
EndProject
Project("{FAE04EC0-301F-11D3-BF4B-00C04F79EFBC}") = "03. Count Uppercase Words", "03. Count Uppercase Words\03. Count Uppercase Words.csproj", "{0FEEC716-D73D-44AF-AB6E-0522630F1551}"
EndProject
Project("{FAE04EC0-301F-11D3-BF4B-00C04F79EFBC}") = "04.AddVAT", "04.AddVAT\04.AddVAT.csproj", "{6DACDAEB-C4BC-4D1A-854F-2B25E27288B4}"
EndProject
Project("{FAE04EC0-301F-11D3-BF4B-00C04F79EFBC}") = "05. Filter By Age", "05. Filter By Age\05. Filter By Age.csproj", "{AD84D49D-AD27-4DD1-ABC4-EF9771BD72D4}"
EndProject
Global
	GlobalSection(SolutionConfigurationPlatforms) = preSolution
		Debug|Any CPU = Debug|Any CPU
		Release|Any CPU = Release|Any CPU
	EndGlobalSection
	GlobalSection(ProjectConfigurationPlatforms) = postSolution
		{A7B4D44A-FAE0-46EF-838D-B4BAFC7CE11E}.Debug|Any CPU.ActiveCfg = Debug|Any CPU
		{A7B4D44A-FAE0-46EF-838D-B4BAFC7CE11E}.Debug|Any CPU.Build.0 = Debug|Any CPU
		{A7B4D44A-FAE0-46EF-838D-B4BAFC7CE11E}.Release|Any CPU.ActiveCfg = Release|Any CPU
		{A7B4D44A-FAE0-46EF-838D-B4BAFC7CE11E}.Release|Any CPU.Build.0 = Release|Any CPU
		{505138EC-128B-43D8-B1FD-AF8D14391154}.Debug|Any CPU.ActiveCfg = Debug|Any CPU
		{505138EC-128B-43D8-B1FD-AF8D14391154}.Debug|Any CPU.Build.0 = Debug|Any CPU
		{505138EC-128B-43D8-B1FD-AF8D14391154}.Release|Any CPU.ActiveCfg = Release|Any CPU
		{505138EC-128B-43D8-B1FD-AF8D14391154}.Release|Any CPU.Build.0 = Release|Any CPU
		{0FEEC716-D73D-44AF-AB6E-0522630F1551}.Debug|Any CPU.ActiveCfg = Debug|Any CPU
		{0FEEC716-D73D-44AF-AB6E-0522630F1551}.Debug|Any CPU.Build.0 = Debug|Any CPU
		{0FEEC716-D73D-44AF-AB6E-0522630F1551}.Release|Any CPU.ActiveCfg = Release|Any CPU
		{0FEEC716-D73D-44AF-AB6E-0522630F1551}.Release|Any CPU.Build.0 = Release|Any CPU
		{6DACDAEB-C4BC-4D1A-854F-2B25E27288B4}.Debug|Any CPU.ActiveCfg = Debug|Any CPU
		{6DACDAEB-C4BC-4D1A-854F-2B25E27288B4}.Debug|Any CPU.Build.0 = Debug|Any CPU
		{6DACDAEB-C4BC-4D1A-854F-2B25E27288B4}.Release|Any CPU.ActiveCfg = Release|Any CPU
		{6DACDAEB-C4BC-4D1A-854F-2B25E27288B4}.Release|Any CPU.Build.0 = Release|Any CPU
		{AD84D49D-AD27-4DD1-ABC4-EF9771BD72D4}.Debug|Any CPU.ActiveCfg = Debug|Any CPU
		{AD84D49D-AD27-4DD1-ABC4-EF9771BD72D4}.Debug|Any CPU.Build.0 = Debug|Any CPU
		{AD84D49D-AD27-4DD1-ABC4-EF9771BD72D4}.Release|Any CPU.ActiveCfg = Release|Any CPU
		{AD84D49D-AD27-4DD1-ABC4-EF9771BD72D4}.Release|Any CPU.Build.0 = Release|Any CPU
	EndGlobalSection
	GlobalSection(SolutionProperties) = preSolution
		HideSolutionNode = FALSE
	EndGlobalSection
	GlobalSection(ExtensibilityGlobals) = postSolution
		SolutionGuid = {9C87D7F3-FBDB-4BBB-AC87-E8880B860AF4}
	EndGlobalSection
EndGlobal
