
Microsoft Visual Studio Solution File, Format Version 12.00
# Visual Studio Version 17
VisualStudioVersion = 17.3.32901.215
MinimumVisualStudioVersion = 10.0.40219.1
Project("{FAE04EC0-301F-11D3-BF4B-00C04F79EFBC}") = "1. Reverse a String", "1. Reverse a String\1. Reverse a String.csproj", "{3196F6E1-9F9D-40BD-8655-FABCEE2E9860}"
EndProject
Global
	GlobalSection(SolutionConfigurationPlatforms) = preSolution
		Debug|Any CPU = Debug|Any CPU
		Release|Any CPU = Release|Any CPU
	EndGlobalSection
	GlobalSection(ProjectConfigurationPlatforms) = postSolution
		{3196F6E1-9F9D-40BD-8655-FABCEE2E9860}.Debug|Any CPU.ActiveCfg = Debug|Any CPU
		{3196F6E1-9F9D-40BD-8655-FABCEE2E9860}.Debug|Any CPU.Build.0 = Debug|Any CPU
		{3196F6E1-9F9D-40BD-8655-FABCEE2E9860}.Release|Any CPU.ActiveCfg = Release|Any CPU
		{3196F6E1-9F9D-40BD-8655-FABCEE2E9860}.Release|Any CPU.Build.0 = Release|Any CPU
	EndGlobalSection
	GlobalSection(SolutionProperties) = preSolution
		HideSolutionNode = FALSE
	EndGlobalSection
	GlobalSection(ExtensibilityGlobals) = postSolution
		SolutionGuid = {F00B2369-AC52-4AC4-B6B1-B8F64507AFE4}
	EndGlobalSection
EndGlobal
