
Microsoft Visual Studio Solution File, Format Version 12.00
# Visual Studio Version 17
VisualStudioVersion = 17.3.32901.215
MinimumVisualStudioVersion = 10.0.40219.1
Project("{FAE04EC0-301F-11D3-BF4B-00C04F79EFBC}") = "01. Basic Stack Operations", "01. Basic Stack Operations\01. Basic Stack Operations.csproj", "{5C97AABE-D175-4FBB-AC2E-7499ACC92D16}"
EndProject
Project("{FAE04EC0-301F-11D3-BF4B-00C04F79EFBC}") = "02. Basic Queue Operations", "02. Basic Queue Operations\02. Basic Queue Operations.csproj", "{3D282B81-91B9-4E86-8880-686FCCBB7382}"
EndProject
Project("{FAE04EC0-301F-11D3-BF4B-00C04F79EFBC}") = "03. Maximum and Minimum Element", "03. Maximum and Minimum Element\03. Maximum and Minimum Element.csproj", "{D1F82D66-0C4F-46FD-8525-1199A06B7FB2}"
EndProject
Project("{FAE04EC0-301F-11D3-BF4B-00C04F79EFBC}") = "04. Fast Food", "04. Fast Food\04. Fast Food.csproj", "{9EEF05AB-C479-4703-B1F9-6F24ECB505E8}"
EndProject
Global
	GlobalSection(SolutionConfigurationPlatforms) = preSolution
		Debug|Any CPU = Debug|Any CPU
		Release|Any CPU = Release|Any CPU
	EndGlobalSection
	GlobalSection(ProjectConfigurationPlatforms) = postSolution
		{5C97AABE-D175-4FBB-AC2E-7499ACC92D16}.Debug|Any CPU.ActiveCfg = Debug|Any CPU
		{5C97AABE-D175-4FBB-AC2E-7499ACC92D16}.Debug|Any CPU.Build.0 = Debug|Any CPU
		{5C97AABE-D175-4FBB-AC2E-7499ACC92D16}.Release|Any CPU.ActiveCfg = Release|Any CPU
		{5C97AABE-D175-4FBB-AC2E-7499ACC92D16}.Release|Any CPU.Build.0 = Release|Any CPU
		{3D282B81-91B9-4E86-8880-686FCCBB7382}.Debug|Any CPU.ActiveCfg = Debug|Any CPU
		{3D282B81-91B9-4E86-8880-686FCCBB7382}.Debug|Any CPU.Build.0 = Debug|Any CPU
		{3D282B81-91B9-4E86-8880-686FCCBB7382}.Release|Any CPU.ActiveCfg = Release|Any CPU
		{3D282B81-91B9-4E86-8880-686FCCBB7382}.Release|Any CPU.Build.0 = Release|Any CPU
		{D1F82D66-0C4F-46FD-8525-1199A06B7FB2}.Debug|Any CPU.ActiveCfg = Debug|Any CPU
		{D1F82D66-0C4F-46FD-8525-1199A06B7FB2}.Debug|Any CPU.Build.0 = Debug|Any CPU
		{D1F82D66-0C4F-46FD-8525-1199A06B7FB2}.Release|Any CPU.ActiveCfg = Release|Any CPU
		{D1F82D66-0C4F-46FD-8525-1199A06B7FB2}.Release|Any CPU.Build.0 = Release|Any CPU
		{9EEF05AB-C479-4703-B1F9-6F24ECB505E8}.Debug|Any CPU.ActiveCfg = Debug|Any CPU
		{9EEF05AB-C479-4703-B1F9-6F24ECB505E8}.Debug|Any CPU.Build.0 = Debug|Any CPU
		{9EEF05AB-C479-4703-B1F9-6F24ECB505E8}.Release|Any CPU.ActiveCfg = Release|Any CPU
		{9EEF05AB-C479-4703-B1F9-6F24ECB505E8}.Release|Any CPU.Build.0 = Release|Any CPU
	EndGlobalSection
	GlobalSection(SolutionProperties) = preSolution
		HideSolutionNode = FALSE
	EndGlobalSection
	GlobalSection(ExtensibilityGlobals) = postSolution
		SolutionGuid = {7B476631-6A00-4E0A-8F3F-2786B2B545D6}
	EndGlobalSection
EndGlobal
