
Microsoft Visual Studio Solution File, Format Version 12.00
# Visual Studio Version 17
VisualStudioVersion = 17.3.32922.545
MinimumVisualStudioVersion = 10.0.40219.1
Project("{FAE04EC0-301F-11D3-BF4B-00C04F79EFBC}") = "DefiningClasses", "DefiningClasses\DefiningClasses.csproj", "{F4C7F37C-E639-4503-BA11-A0240DA11DBD}"
EndProject
Global
	GlobalSection(SolutionConfigurationPlatforms) = preSolution
		Debug|Any CPU = Debug|Any CPU
		Release|Any CPU = Release|Any CPU
	EndGlobalSection
	GlobalSection(ProjectConfigurationPlatforms) = postSolution
		{F4C7F37C-E639-4503-BA11-A0240DA11DBD}.Debug|Any CPU.ActiveCfg = Debug|Any CPU
		{F4C7F37C-E639-4503-BA11-A0240DA11DBD}.Debug|Any CPU.Build.0 = Debug|Any CPU
		{F4C7F37C-E639-4503-BA11-A0240DA11DBD}.Release|Any CPU.ActiveCfg = Release|Any CPU
		{F4C7F37C-E639-4503-BA11-A0240DA11DBD}.Release|Any CPU.Build.0 = Release|Any CPU
	EndGlobalSection
	GlobalSection(SolutionProperties) = preSolution
		HideSolutionNode = FALSE
	EndGlobalSection
	GlobalSection(ExtensibilityGlobals) = postSolution
		SolutionGuid = {095E166C-469C-4D2C-B1AB-2A5EB12F0F92}
	EndGlobalSection
EndGlobal
