
Microsoft Visual Studio Solution File, Format Version 12.00
# Visual Studio Version 17
VisualStudioVersion = 17.3.32929.385
MinimumVisualStudioVersion = 10.0.40219.1
Project("{FAE04EC0-301F-11D3-BF4B-00C04F79EFBC}") = "01.MealPlan", "01.MealPlan\01.MealPlan.csproj", "{2B702CD7-EED8-48FB-B779-601C9F31BFEA}"
EndProject
Project("{FAE04EC0-301F-11D3-BF4B-00C04F79EFBC}") = "02.TruffleHunter", "02.TruffleHunter\02.TruffleHunter.csproj", "{2F3EA5A3-9ED8-4831-86BA-A9F06594492C}"
EndProject
Global
	GlobalSection(SolutionConfigurationPlatforms) = preSolution
		Debug|Any CPU = Debug|Any CPU
		Release|Any CPU = Release|Any CPU
	EndGlobalSection
	GlobalSection(ProjectConfigurationPlatforms) = postSolution
		{2B702CD7-EED8-48FB-B779-601C9F31BFEA}.Debug|Any CPU.ActiveCfg = Debug|Any CPU
		{2B702CD7-EED8-48FB-B779-601C9F31BFEA}.Debug|Any CPU.Build.0 = Debug|Any CPU
		{2B702CD7-EED8-48FB-B779-601C9F31BFEA}.Release|Any CPU.ActiveCfg = Release|Any CPU
		{2B702CD7-EED8-48FB-B779-601C9F31BFEA}.Release|Any CPU.Build.0 = Release|Any CPU
		{2F3EA5A3-9ED8-4831-86BA-A9F06594492C}.Debug|Any CPU.ActiveCfg = Debug|Any CPU
		{2F3EA5A3-9ED8-4831-86BA-A9F06594492C}.Debug|Any CPU.Build.0 = Debug|Any CPU
		{2F3EA5A3-9ED8-4831-86BA-A9F06594492C}.Release|Any CPU.ActiveCfg = Release|Any CPU
		{2F3EA5A3-9ED8-4831-86BA-A9F06594492C}.Release|Any CPU.Build.0 = Release|Any CPU
	EndGlobalSection
	GlobalSection(SolutionProperties) = preSolution
		HideSolutionNode = FALSE
	EndGlobalSection
	GlobalSection(ExtensibilityGlobals) = postSolution
		SolutionGuid = {E7151AA5-C326-4EE5-9E68-541CB2F02951}
	EndGlobalSection
EndGlobal
