
Microsoft Visual Studio Solution File, Format Version 12.00
# Visual Studio Version 17
VisualStudioVersion = 17.3.32901.215
MinimumVisualStudioVersion = 10.0.40219.1
Project("{FAE04EC0-301F-11D3-BF4B-00C04F79EFBC}") = "01. Action Print", "01. Action Print\01. Action Print.csproj", "{23CCC321-D349-441C-94C7-25D41CFE9FC4}"
EndProject
Global
	GlobalSection(SolutionConfigurationPlatforms) = preSolution
		Debug|Any CPU = Debug|Any CPU
		Release|Any CPU = Release|Any CPU
	EndGlobalSection
	GlobalSection(ProjectConfigurationPlatforms) = postSolution
		{23CCC321-D349-441C-94C7-25D41CFE9FC4}.Debug|Any CPU.ActiveCfg = Debug|Any CPU
		{23CCC321-D349-441C-94C7-25D41CFE9FC4}.Debug|Any CPU.Build.0 = Debug|Any CPU
		{23CCC321-D349-441C-94C7-25D41CFE9FC4}.Release|Any CPU.ActiveCfg = Release|Any CPU
		{23CCC321-D349-441C-94C7-25D41CFE9FC4}.Release|Any CPU.Build.0 = Release|Any CPU
	EndGlobalSection
	GlobalSection(SolutionProperties) = preSolution
		HideSolutionNode = FALSE
	EndGlobalSection
	GlobalSection(ExtensibilityGlobals) = postSolution
		SolutionGuid = {0699D3AC-C7B5-412E-B245-A2D94A7813FF}
	EndGlobalSection
EndGlobal
