
Microsoft Visual Studio Solution File, Format Version 12.00
# Visual Studio Version 17
VisualStudioVersion = 17.3.32929.385
MinimumVisualStudioVersion = 10.0.40219.1
Project("{FAE04EC0-301F-11D3-BF4B-00C04F79EFBC}") = "01.BakeryShop", "01.BakeryShop\01.BakeryShop.csproj", "{358C2005-4F7D-417B-88C8-0D1A93512DFF}"
EndProject
Project("{FAE04EC0-301F-11D3-BF4B-00C04F79EFBC}") = "02.BeaverAtWork", "02.BeaverAtWork\02.BeaverAtWork.csproj", "{6D4F2341-9CCA-486E-A968-5820E958CA61}"
EndProject
Project("{9A19103F-16F7-4668-BE54-9A1E7A4F7556}") = "FishingNet", "FishingNet\FishingNet.csproj", "{23D48C4C-B8F4-4826-A8DF-A8AA2060F6E2}"
EndProject
Global
	GlobalSection(SolutionConfigurationPlatforms) = preSolution
		Debug|Any CPU = Debug|Any CPU
		Release|Any CPU = Release|Any CPU
	EndGlobalSection
	GlobalSection(ProjectConfigurationPlatforms) = postSolution
		{358C2005-4F7D-417B-88C8-0D1A93512DFF}.Debug|Any CPU.ActiveCfg = Debug|Any CPU
		{358C2005-4F7D-417B-88C8-0D1A93512DFF}.Debug|Any CPU.Build.0 = Debug|Any CPU
		{358C2005-4F7D-417B-88C8-0D1A93512DFF}.Release|Any CPU.ActiveCfg = Release|Any CPU
		{358C2005-4F7D-417B-88C8-0D1A93512DFF}.Release|Any CPU.Build.0 = Release|Any CPU
		{6D4F2341-9CCA-486E-A968-5820E958CA61}.Debug|Any CPU.ActiveCfg = Debug|Any CPU
		{6D4F2341-9CCA-486E-A968-5820E958CA61}.Debug|Any CPU.Build.0 = Debug|Any CPU
		{6D4F2341-9CCA-486E-A968-5820E958CA61}.Release|Any CPU.ActiveCfg = Release|Any CPU
		{6D4F2341-9CCA-486E-A968-5820E958CA61}.Release|Any CPU.Build.0 = Release|Any CPU
		{23D48C4C-B8F4-4826-A8DF-A8AA2060F6E2}.Debug|Any CPU.ActiveCfg = Debug|Any CPU
		{23D48C4C-B8F4-4826-A8DF-A8AA2060F6E2}.Debug|Any CPU.Build.0 = Debug|Any CPU
		{23D48C4C-B8F4-4826-A8DF-A8AA2060F6E2}.Release|Any CPU.ActiveCfg = Release|Any CPU
		{23D48C4C-B8F4-4826-A8DF-A8AA2060F6E2}.Release|Any CPU.Build.0 = Release|Any CPU
	EndGlobalSection
	GlobalSection(SolutionProperties) = preSolution
		HideSolutionNode = FALSE
	EndGlobalSection
	GlobalSection(ExtensibilityGlobals) = postSolution
		SolutionGuid = {3087AB9C-F63E-49AF-914D-E39855A92B8D}
	EndGlobalSection
EndGlobal
