
Microsoft Visual Studio Solution File, Format Version 12.00
# Visual Studio Version 17
VisualStudioVersion = 17.3.32922.545
MinimumVisualStudioVersion = 10.0.40219.1
Project("{9A19103F-16F7-4668-BE54-9A1E7A4F7556}") = "DefiningClasses", "DefiningClasses\DefiningClasses.csproj", "{F4C7F37C-E639-4503-BA11-A0240DA11DBD}"
EndProject
Project("{9A19103F-16F7-4668-BE54-9A1E7A4F7556}") = "04. Opinion Poll", "04. Opinion Poll\04. Opinion Poll.csproj", "{5EDE99F6-B4B8-4203-85C1-9B8F01207F79}"
EndProject
Project("{9A19103F-16F7-4668-BE54-9A1E7A4F7556}") = "05. Date Modifier", "05. Date Modifier\05. Date Modifier.csproj", "{FCDC9A78-CAF2-4005-AEAD-683A82B3C5E6}"
EndProject
Project("{9A19103F-16F7-4668-BE54-9A1E7A4F7556}") = "SpeedRacing", "SpeedRacing\SpeedRacing.csproj", "{A0976DA2-536B-4CE8-BE50-BBB19BE6AA1D}"
EndProject
Project("{9A19103F-16F7-4668-BE54-9A1E7A4F7556}") = "RowData", "RowData\RowData.csproj", "{37BD4952-291F-45BE-B17F-44FE29D0F86A}"
EndProject
Project("{9A19103F-16F7-4668-BE54-9A1E7A4F7556}") = "CarSalesman", "CarSalesman\CarSalesman.csproj", "{D199CB54-1D59-4CFA-81D9-044BD465B608}"
EndProject
Project("{9A19103F-16F7-4668-BE54-9A1E7A4F7556}") = "PokemonTrainer", "PokemonTrainer\PokemonTrainer.csproj", "{915EA9B0-AB34-4CCA-BBEA-D3BF2460E8F4}"
EndProject
Project("{FAE04EC0-301F-11D3-BF4B-00C04F79EFBC}") = "SoftUniParking", "SoftUniParking\SoftUniParking.csproj", "{2E03E5DB-41C6-434D-92A5-88817A61B101}"
EndProject
Global
	GlobalSection(SolutionConfigurationPlatforms) = preSolution
		Debug|Any CPU = Debug|Any CPU
		Release|Any CPU = Release|Any CPU
	EndGlobalSection
	GlobalSection(ProjectConfigurationPlatforms) = postSolution
		{F4C7F37C-E639-4503-BA11-A0240DA11DBD}.Debug|Any CPU.ActiveCfg = Debug|Any CPU
		{F4C7F37C-E639-4503-BA11-A0240DA11DBD}.Debug|Any CPU.Build.0 = Debug|Any CPU
		{F4C7F37C-E639-4503-BA11-A0240DA11DBD}.Release|Any CPU.ActiveCfg = Release|Any CPU
		{F4C7F37C-E639-4503-BA11-A0240DA11DBD}.Release|Any CPU.Build.0 = Release|Any CPU
		{5EDE99F6-B4B8-4203-85C1-9B8F01207F79}.Debug|Any CPU.ActiveCfg = Debug|Any CPU
		{5EDE99F6-B4B8-4203-85C1-9B8F01207F79}.Debug|Any CPU.Build.0 = Debug|Any CPU
		{5EDE99F6-B4B8-4203-85C1-9B8F01207F79}.Release|Any CPU.ActiveCfg = Release|Any CPU
		{5EDE99F6-B4B8-4203-85C1-9B8F01207F79}.Release|Any CPU.Build.0 = Release|Any CPU
		{FCDC9A78-CAF2-4005-AEAD-683A82B3C5E6}.Debug|Any CPU.ActiveCfg = Debug|Any CPU
		{FCDC9A78-CAF2-4005-AEAD-683A82B3C5E6}.Debug|Any CPU.Build.0 = Debug|Any CPU
		{FCDC9A78-CAF2-4005-AEAD-683A82B3C5E6}.Release|Any CPU.ActiveCfg = Release|Any CPU
		{FCDC9A78-CAF2-4005-AEAD-683A82B3C5E6}.Release|Any CPU.Build.0 = Release|Any CPU
		{A0976DA2-536B-4CE8-BE50-BBB19BE6AA1D}.Debug|Any CPU.ActiveCfg = Debug|Any CPU
		{A0976DA2-536B-4CE8-BE50-BBB19BE6AA1D}.Debug|Any CPU.Build.0 = Debug|Any CPU
		{A0976DA2-536B-4CE8-BE50-BBB19BE6AA1D}.Release|Any CPU.ActiveCfg = Release|Any CPU
		{A0976DA2-536B-4CE8-BE50-BBB19BE6AA1D}.Release|Any CPU.Build.0 = Release|Any CPU
		{37BD4952-291F-45BE-B17F-44FE29D0F86A}.Debug|Any CPU.ActiveCfg = Debug|Any CPU
		{37BD4952-291F-45BE-B17F-44FE29D0F86A}.Debug|Any CPU.Build.0 = Debug|Any CPU
		{37BD4952-291F-45BE-B17F-44FE29D0F86A}.Release|Any CPU.ActiveCfg = Release|Any CPU
		{37BD4952-291F-45BE-B17F-44FE29D0F86A}.Release|Any CPU.Build.0 = Release|Any CPU
		{D199CB54-1D59-4CFA-81D9-044BD465B608}.Debug|Any CPU.ActiveCfg = Debug|Any CPU
		{D199CB54-1D59-4CFA-81D9-044BD465B608}.Debug|Any CPU.Build.0 = Debug|Any CPU
		{D199CB54-1D59-4CFA-81D9-044BD465B608}.Release|Any CPU.ActiveCfg = Release|Any CPU
		{D199CB54-1D59-4CFA-81D9-044BD465B608}.Release|Any CPU.Build.0 = Release|Any CPU
		{915EA9B0-AB34-4CCA-BBEA-D3BF2460E8F4}.Debug|Any CPU.ActiveCfg = Debug|Any CPU
		{915EA9B0-AB34-4CCA-BBEA-D3BF2460E8F4}.Debug|Any CPU.Build.0 = Debug|Any CPU
		{915EA9B0-AB34-4CCA-BBEA-D3BF2460E8F4}.Release|Any CPU.ActiveCfg = Release|Any CPU
		{915EA9B0-AB34-4CCA-BBEA-D3BF2460E8F4}.Release|Any CPU.Build.0 = Release|Any CPU
		{2E03E5DB-41C6-434D-92A5-88817A61B101}.Debug|Any CPU.ActiveCfg = Debug|Any CPU
		{2E03E5DB-41C6-434D-92A5-88817A61B101}.Debug|Any CPU.Build.0 = Debug|Any CPU
		{2E03E5DB-41C6-434D-92A5-88817A61B101}.Release|Any CPU.ActiveCfg = Release|Any CPU
		{2E03E5DB-41C6-434D-92A5-88817A61B101}.Release|Any CPU.Build.0 = Release|Any CPU
	EndGlobalSection
	GlobalSection(SolutionProperties) = preSolution
		HideSolutionNode = FALSE
	EndGlobalSection
	GlobalSection(ExtensibilityGlobals) = postSolution
		SolutionGuid = {095E166C-469C-4D2C-B1AB-2A5EB12F0F92}
	EndGlobalSection
EndGlobal
