
Microsoft Visual Studio Solution File, Format Version 12.00
# Visual Studio Version 17
VisualStudioVersion = 17.3.32922.545
MinimumVisualStudioVersion = 10.0.40219.1
Project("{FAE04EC0-301F-11D3-BF4B-00C04F79EFBC}") = "GenericBoxOfString", "GenericBoxOfString\GenericBoxOfString.csproj", "{19B856CE-15EB-4C47-A2D2-CFFB4412995E}"
EndProject
Project("{FAE04EC0-301F-11D3-BF4B-00C04F79EFBC}") = "GenericBoxOfInteger", "GenericBoxOfInteger\GenericBoxOfInteger.csproj", "{85D79A56-F158-40C3-9359-27D862130111}"
EndProject
Project("{FAE04EC0-301F-11D3-BF4B-00C04F79EFBC}") = "GenericSwapMethodStrings", "GenericSwapMethodStrings\GenericSwapMethodStrings.csproj", "{07F7EF84-B550-457C-A5EF-C5076DA3598C}"
EndProject
Project("{FAE04EC0-301F-11D3-BF4B-00C04F79EFBC}") = "04.GenericSwapMethodInteger", "04.GenericSwapMethodInteger\04.GenericSwapMethodInteger.csproj", "{E7CACB21-3758-49F3-9A79-907A639421F9}"
EndProject
Project("{FAE04EC0-301F-11D3-BF4B-00C04F79EFBC}") = "05.GenericCountMethodString", "05.GenericCountMethodString\05.GenericCountMethodString.csproj", "{73B372ED-502B-4331-A852-2489521A125F}"
EndProject
Project("{FAE04EC0-301F-11D3-BF4B-00C04F79EFBC}") = "06.GenericCountMethodDouble", "06.GenericCountMethodDouble\06.GenericCountMethodDouble.csproj", "{2FB768A7-4331-481B-B524-31AC14DD1FFC}"
EndProject
Global
	GlobalSection(SolutionConfigurationPlatforms) = preSolution
		Debug|Any CPU = Debug|Any CPU
		Release|Any CPU = Release|Any CPU
	EndGlobalSection
	GlobalSection(ProjectConfigurationPlatforms) = postSolution
		{19B856CE-15EB-4C47-A2D2-CFFB4412995E}.Debug|Any CPU.ActiveCfg = Debug|Any CPU
		{19B856CE-15EB-4C47-A2D2-CFFB4412995E}.Debug|Any CPU.Build.0 = Debug|Any CPU
		{19B856CE-15EB-4C47-A2D2-CFFB4412995E}.Release|Any CPU.ActiveCfg = Release|Any CPU
		{19B856CE-15EB-4C47-A2D2-CFFB4412995E}.Release|Any CPU.Build.0 = Release|Any CPU
		{85D79A56-F158-40C3-9359-27D862130111}.Debug|Any CPU.ActiveCfg = Debug|Any CPU
		{85D79A56-F158-40C3-9359-27D862130111}.Debug|Any CPU.Build.0 = Debug|Any CPU
		{85D79A56-F158-40C3-9359-27D862130111}.Release|Any CPU.ActiveCfg = Release|Any CPU
		{85D79A56-F158-40C3-9359-27D862130111}.Release|Any CPU.Build.0 = Release|Any CPU
		{07F7EF84-B550-457C-A5EF-C5076DA3598C}.Debug|Any CPU.ActiveCfg = Debug|Any CPU
		{07F7EF84-B550-457C-A5EF-C5076DA3598C}.Debug|Any CPU.Build.0 = Debug|Any CPU
		{07F7EF84-B550-457C-A5EF-C5076DA3598C}.Release|Any CPU.ActiveCfg = Release|Any CPU
		{07F7EF84-B550-457C-A5EF-C5076DA3598C}.Release|Any CPU.Build.0 = Release|Any CPU
		{E7CACB21-3758-49F3-9A79-907A639421F9}.Debug|Any CPU.ActiveCfg = Debug|Any CPU
		{E7CACB21-3758-49F3-9A79-907A639421F9}.Debug|Any CPU.Build.0 = Debug|Any CPU
		{E7CACB21-3758-49F3-9A79-907A639421F9}.Release|Any CPU.ActiveCfg = Release|Any CPU
		{E7CACB21-3758-49F3-9A79-907A639421F9}.Release|Any CPU.Build.0 = Release|Any CPU
		{73B372ED-502B-4331-A852-2489521A125F}.Debug|Any CPU.ActiveCfg = Debug|Any CPU
		{73B372ED-502B-4331-A852-2489521A125F}.Debug|Any CPU.Build.0 = Debug|Any CPU
		{73B372ED-502B-4331-A852-2489521A125F}.Release|Any CPU.ActiveCfg = Release|Any CPU
		{73B372ED-502B-4331-A852-2489521A125F}.Release|Any CPU.Build.0 = Release|Any CPU
		{2FB768A7-4331-481B-B524-31AC14DD1FFC}.Debug|Any CPU.ActiveCfg = Debug|Any CPU
		{2FB768A7-4331-481B-B524-31AC14DD1FFC}.Debug|Any CPU.Build.0 = Debug|Any CPU
		{2FB768A7-4331-481B-B524-31AC14DD1FFC}.Release|Any CPU.ActiveCfg = Release|Any CPU
		{2FB768A7-4331-481B-B524-31AC14DD1FFC}.Release|Any CPU.Build.0 = Release|Any CPU
	EndGlobalSection
	GlobalSection(SolutionProperties) = preSolution
		HideSolutionNode = FALSE
	EndGlobalSection
	GlobalSection(ExtensibilityGlobals) = postSolution
		SolutionGuid = {5A166533-8077-4453-B6A8-508E68C22B82}
	EndGlobalSection
EndGlobal
