
Microsoft Visual Studio Solution File, Format Version 12.00
# Visual Studio Version 17
VisualStudioVersion = 17.3.32929.385
MinimumVisualStudioVersion = 10.0.40219.1
Project("{9A19103F-16F7-4668-BE54-9A1E7A4F7556}") = "01.RecursiveArraySum", "01.RecursiveArraySum\01.RecursiveArraySum.csproj", "{483E4379-CF7D-458A-8204-F77191773863}"
EndProject
Project("{9A19103F-16F7-4668-BE54-9A1E7A4F7556}") = "02.RecursiveFactorial", "02.RecursiveFactorial\02.RecursiveFactorial.csproj", "{D3937B5F-76F3-4F30-A968-885C17A480F7}"
EndProject
Project("{9A19103F-16F7-4668-BE54-9A1E7A4F7556}") = "SumOfCoins", "SumOfCoins\SumOfCoins.csproj", "{E810D584-8253-4807-A770-A9C064E11D86}"
EndProject
Project("{9A19103F-16F7-4668-BE54-9A1E7A4F7556}") = "SetCover", "SetCover\SetCover.csproj", "{C70F3679-5AFF-42B9-B347-47AC48A7DB91}"
EndProject
Project("{9A19103F-16F7-4668-BE54-9A1E7A4F7556}") = "05.MergeSort", "05.MergeSort\05.MergeSort.csproj", "{56434A6E-45E8-4589-AA33-76C7151ACEF6}"
EndProject
Global
	GlobalSection(SolutionConfigurationPlatforms) = preSolution
		Debug|Any CPU = Debug|Any CPU
		Release|Any CPU = Release|Any CPU
	EndGlobalSection
	GlobalSection(ProjectConfigurationPlatforms) = postSolution
		{483E4379-CF7D-458A-8204-F77191773863}.Debug|Any CPU.ActiveCfg = Debug|Any CPU
		{483E4379-CF7D-458A-8204-F77191773863}.Debug|Any CPU.Build.0 = Debug|Any CPU
		{483E4379-CF7D-458A-8204-F77191773863}.Release|Any CPU.ActiveCfg = Release|Any CPU
		{483E4379-CF7D-458A-8204-F77191773863}.Release|Any CPU.Build.0 = Release|Any CPU
		{D3937B5F-76F3-4F30-A968-885C17A480F7}.Debug|Any CPU.ActiveCfg = Debug|Any CPU
		{D3937B5F-76F3-4F30-A968-885C17A480F7}.Debug|Any CPU.Build.0 = Debug|Any CPU
		{D3937B5F-76F3-4F30-A968-885C17A480F7}.Release|Any CPU.ActiveCfg = Release|Any CPU
		{D3937B5F-76F3-4F30-A968-885C17A480F7}.Release|Any CPU.Build.0 = Release|Any CPU
		{E810D584-8253-4807-A770-A9C064E11D86}.Debug|Any CPU.ActiveCfg = Debug|Any CPU
		{E810D584-8253-4807-A770-A9C064E11D86}.Debug|Any CPU.Build.0 = Debug|Any CPU
		{E810D584-8253-4807-A770-A9C064E11D86}.Release|Any CPU.ActiveCfg = Release|Any CPU
		{E810D584-8253-4807-A770-A9C064E11D86}.Release|Any CPU.Build.0 = Release|Any CPU
		{C70F3679-5AFF-42B9-B347-47AC48A7DB91}.Debug|Any CPU.ActiveCfg = Debug|Any CPU
		{C70F3679-5AFF-42B9-B347-47AC48A7DB91}.Debug|Any CPU.Build.0 = Debug|Any CPU
		{C70F3679-5AFF-42B9-B347-47AC48A7DB91}.Release|Any CPU.ActiveCfg = Release|Any CPU
		{C70F3679-5AFF-42B9-B347-47AC48A7DB91}.Release|Any CPU.Build.0 = Release|Any CPU
		{56434A6E-45E8-4589-AA33-76C7151ACEF6}.Debug|Any CPU.ActiveCfg = Debug|Any CPU
		{56434A6E-45E8-4589-AA33-76C7151ACEF6}.Debug|Any CPU.Build.0 = Debug|Any CPU
		{56434A6E-45E8-4589-AA33-76C7151ACEF6}.Release|Any CPU.ActiveCfg = Release|Any CPU
		{56434A6E-45E8-4589-AA33-76C7151ACEF6}.Release|Any CPU.Build.0 = Release|Any CPU
	EndGlobalSection
	GlobalSection(SolutionProperties) = preSolution
		HideSolutionNode = FALSE
	EndGlobalSection
	GlobalSection(ExtensibilityGlobals) = postSolution
		SolutionGuid = {04002BE4-4544-47BA-B361-04EF7AB20652}
	EndGlobalSection
EndGlobal
