
Microsoft Visual Studio Solution File, Format Version 12.00
# Visual Studio Version 17
VisualStudioVersion = 17.3.32929.385
MinimumVisualStudioVersion = 10.0.40219.1
Project("{9A19103F-16F7-4668-BE54-9A1E7A4F7556}") = "01.Scheduling", "01.Scheduling\01.Scheduling.csproj", "{3262043B-3AB3-4175-BC23-65EA173F0022}"
EndProject
Project("{9A19103F-16F7-4668-BE54-9A1E7A4F7556}") = "02.Garden", "02.Garden\02.Garden.csproj", "{B1ABFBD0-7887-480B-B09D-55CA7CB54130}"
EndProject
Project("{9A19103F-16F7-4668-BE54-9A1E7A4F7556}") = "ClassroomProject", "03.Classroom\ClassroomProject.csproj", "{DDCE89C9-2031-4DBD-9399-CD321D820340}"
EndProject
Global
	GlobalSection(SolutionConfigurationPlatforms) = preSolution
		Debug|Any CPU = Debug|Any CPU
		Release|Any CPU = Release|Any CPU
	EndGlobalSection
	GlobalSection(ProjectConfigurationPlatforms) = postSolution
		{3262043B-3AB3-4175-BC23-65EA173F0022}.Debug|Any CPU.ActiveCfg = Debug|Any CPU
		{3262043B-3AB3-4175-BC23-65EA173F0022}.Debug|Any CPU.Build.0 = Debug|Any CPU
		{3262043B-3AB3-4175-BC23-65EA173F0022}.Release|Any CPU.ActiveCfg = Release|Any CPU
		{3262043B-3AB3-4175-BC23-65EA173F0022}.Release|Any CPU.Build.0 = Release|Any CPU
		{B1ABFBD0-7887-480B-B09D-55CA7CB54130}.Debug|Any CPU.ActiveCfg = Debug|Any CPU
		{B1ABFBD0-7887-480B-B09D-55CA7CB54130}.Debug|Any CPU.Build.0 = Debug|Any CPU
		{B1ABFBD0-7887-480B-B09D-55CA7CB54130}.Release|Any CPU.ActiveCfg = Release|Any CPU
		{B1ABFBD0-7887-480B-B09D-55CA7CB54130}.Release|Any CPU.Build.0 = Release|Any CPU
		{DDCE89C9-2031-4DBD-9399-CD321D820340}.Debug|Any CPU.ActiveCfg = Debug|Any CPU
		{DDCE89C9-2031-4DBD-9399-CD321D820340}.Debug|Any CPU.Build.0 = Debug|Any CPU
		{DDCE89C9-2031-4DBD-9399-CD321D820340}.Release|Any CPU.ActiveCfg = Release|Any CPU
		{DDCE89C9-2031-4DBD-9399-CD321D820340}.Release|Any CPU.Build.0 = Release|Any CPU
	EndGlobalSection
	GlobalSection(SolutionProperties) = preSolution
		HideSolutionNode = FALSE
	EndGlobalSection
	GlobalSection(ExtensibilityGlobals) = postSolution
		SolutionGuid = {FEAFC685-C50B-455C-8AF5-F5839335C1C5}
	EndGlobalSection
EndGlobal
