
Microsoft Visual Studio Solution File, Format Version 12.00
# Visual Studio Version 17
VisualStudioVersion = 17.3.32901.215
MinimumVisualStudioVersion = 10.0.40219.1
Project("{FAE04EC0-301F-11D3-BF4B-00C04F79EFBC}") = "01. Unique Usernames", "01. Unique Usernames\01. Unique Usernames.csproj", "{0D6DE6A6-6DBF-4EB5-997D-8F89DE02813F}"
EndProject
Project("{FAE04EC0-301F-11D3-BF4B-00C04F79EFBC}") = "02. Sets of Elements", "02. Sets of Elements\02. Sets of Elements.csproj", "{89692D8B-3ABF-4137-AEEC-19C706D5AAA6}"
EndProject
Project("{FAE04EC0-301F-11D3-BF4B-00C04F79EFBC}") = "03. Periodic Table", "03. Periodic Table\03. Periodic Table.csproj", "{B0AC2B3A-37C4-499B-9970-D9A0A55751FD}"
EndProject
Global
	GlobalSection(SolutionConfigurationPlatforms) = preSolution
		Debug|Any CPU = Debug|Any CPU
		Release|Any CPU = Release|Any CPU
	EndGlobalSection
	GlobalSection(ProjectConfigurationPlatforms) = postSolution
		{0D6DE6A6-6DBF-4EB5-997D-8F89DE02813F}.Debug|Any CPU.ActiveCfg = Debug|Any CPU
		{0D6DE6A6-6DBF-4EB5-997D-8F89DE02813F}.Debug|Any CPU.Build.0 = Debug|Any CPU
		{0D6DE6A6-6DBF-4EB5-997D-8F89DE02813F}.Release|Any CPU.ActiveCfg = Release|Any CPU
		{0D6DE6A6-6DBF-4EB5-997D-8F89DE02813F}.Release|Any CPU.Build.0 = Release|Any CPU
		{89692D8B-3ABF-4137-AEEC-19C706D5AAA6}.Debug|Any CPU.ActiveCfg = Debug|Any CPU
		{89692D8B-3ABF-4137-AEEC-19C706D5AAA6}.Debug|Any CPU.Build.0 = Debug|Any CPU
		{89692D8B-3ABF-4137-AEEC-19C706D5AAA6}.Release|Any CPU.ActiveCfg = Release|Any CPU
		{89692D8B-3ABF-4137-AEEC-19C706D5AAA6}.Release|Any CPU.Build.0 = Release|Any CPU
		{B0AC2B3A-37C4-499B-9970-D9A0A55751FD}.Debug|Any CPU.ActiveCfg = Debug|Any CPU
		{B0AC2B3A-37C4-499B-9970-D9A0A55751FD}.Debug|Any CPU.Build.0 = Debug|Any CPU
		{B0AC2B3A-37C4-499B-9970-D9A0A55751FD}.Release|Any CPU.ActiveCfg = Release|Any CPU
		{B0AC2B3A-37C4-499B-9970-D9A0A55751FD}.Release|Any CPU.Build.0 = Release|Any CPU
	EndGlobalSection
	GlobalSection(SolutionProperties) = preSolution
		HideSolutionNode = FALSE
	EndGlobalSection
	GlobalSection(ExtensibilityGlobals) = postSolution
		SolutionGuid = {8E7A2740-F2BD-467A-9FD2-B5FF1DED70D2}
	EndGlobalSection
EndGlobal
